
Microsoft Visual Studio Solution File, Format Version 12.00
# Visual Studio Version 17
VisualStudioVersion = 17.0.31903.59
MinimumVisualStudioVersion = 10.0.40219.1
Project("{FAE04EC0-301F-11D3-BF4B-00C04F79EFBC}") = "HobbyCollection.Api", "HobbyCollection.Api\HobbyCollection.Api.csproj", "{966D9A24-C595-4747-9815-A2AF681A15A5}"
EndProject
Project("{FAE04EC0-301F-11D3-BF4B-00C04F79EFBC}") = "HobbyCollection.Domain", "HobbyCollection.Domain\HobbyCollection.Domain.csproj", "{91899C3E-AF0C-4050-B182-0D664F47A664}"
EndProject
Project("{FAE04EC0-301F-11D3-BF4B-00C04F79EFBC}") = "HobbyCollection.Infrastructure", "HobbyCollection.Infrastructure\HobbyCollection.Infrastructure.csproj", "{3E51CF0C-2DBF-45D4-B942-B0BC26CE43E5}"
EndProject
Global
	GlobalSection(SolutionConfigurationPlatforms) = preSolution
		Debug|Any CPU = Debug|Any CPU
		Release|Any CPU = Release|Any CPU
	EndGlobalSection
	GlobalSection(SolutionProperties) = preSolution
		HideSolutionNode = FALSE
	EndGlobalSection
	GlobalSection(ProjectConfigurationPlatforms) = postSolution
		{966D9A24-C595-4747-9815-A2AF681A15A5}.Debug|Any CPU.ActiveCfg = Debug|Any CPU
		{966D9A24-C595-4747-9815-A2AF681A15A5}.Debug|Any CPU.Build.0 = Debug|Any CPU
		{966D9A24-C595-4747-9815-A2AF681A15A5}.Release|Any CPU.ActiveCfg = Release|Any CPU
		{966D9A24-C595-4747-9815-A2AF681A15A5}.Release|Any CPU.Build.0 = Release|Any CPU
		{91899C3E-AF0C-4050-B182-0D664F47A664}.Debug|Any CPU.ActiveCfg = Debug|Any CPU
		{91899C3E-AF0C-4050-B182-0D664F47A664}.Debug|Any CPU.Build.0 = Debug|Any CPU
		{91899C3E-AF0C-4050-B182-0D664F47A664}.Release|Any CPU.ActiveCfg = Release|Any CPU
		{91899C3E-AF0C-4050-B182-0D664F47A664}.Release|Any CPU.Build.0 = Release|Any CPU
		{3E51CF0C-2DBF-45D4-B942-B0BC26CE43E5}.Debug|Any CPU.ActiveCfg = Debug|Any CPU
		{3E51CF0C-2DBF-45D4-B942-B0BC26CE43E5}.Debug|Any CPU.Build.0 = Debug|Any CPU
		{3E51CF0C-2DBF-45D4-B942-B0BC26CE43E5}.Release|Any CPU.ActiveCfg = Release|Any CPU
		{3E51CF0C-2DBF-45D4-B942-B0BC26CE43E5}.Release|Any CPU.Build.0 = Release|Any CPU
	EndGlobalSection
EndGlobal
